
Microsoft Visual Studio Solution File, Format Version 12.00
# Visual Studio Version 16
VisualStudioVersion = 16.0.810.16
MinimumVisualStudioVersion = 10.0.40219.1
Project("{FAE04EC0-301F-11D3-BF4B-00C04F79EFBC}") = "2812", "2812\2812.csproj", "{3BFA6723-BF69-4E5D-A683-3EF74869BF20}"
EndProject
Project("{2150E333-8FDC-42A3-9474-1A3956D46DE8}") = "Создать папку", "Создать папку", "{8F9E0E0B-8659-475D-8180-2EE1ADC8ADF9}"
EndProject
Project("{FAE04EC0-301F-11D3-BF4B-00C04F79EFBC}") = "CamelCase", "CamelCase\CamelCase.csproj", "{F7D51B57-BFEB-4291-8A28-C3769BE3654E}"
EndProject
Project("{FAE04EC0-301F-11D3-BF4B-00C04F79EFBC}") = "Numb", "Numb\Numb.csproj", "{D12F126E-5535-43AE-9699-5165FAC1B6CF}"
EndProject
Global
	GlobalSection(SolutionConfigurationPlatforms) = preSolution
		Debug|Any CPU = Debug|Any CPU
		Release|Any CPU = Release|Any CPU
	EndGlobalSection
	GlobalSection(ProjectConfigurationPlatforms) = postSolution
		{3BFA6723-BF69-4E5D-A683-3EF74869BF20}.Debug|Any CPU.ActiveCfg = Debug|Any CPU
		{3BFA6723-BF69-4E5D-A683-3EF74869BF20}.Debug|Any CPU.Build.0 = Debug|Any CPU
		{3BFA6723-BF69-4E5D-A683-3EF74869BF20}.Release|Any CPU.ActiveCfg = Release|Any CPU
		{3BFA6723-BF69-4E5D-A683-3EF74869BF20}.Release|Any CPU.Build.0 = Release|Any CPU
		{F7D51B57-BFEB-4291-8A28-C3769BE3654E}.Debug|Any CPU.ActiveCfg = Debug|Any CPU
		{F7D51B57-BFEB-4291-8A28-C3769BE3654E}.Debug|Any CPU.Build.0 = Debug|Any CPU
		{F7D51B57-BFEB-4291-8A28-C3769BE3654E}.Release|Any CPU.ActiveCfg = Release|Any CPU
		{F7D51B57-BFEB-4291-8A28-C3769BE3654E}.Release|Any CPU.Build.0 = Release|Any CPU
		{D12F126E-5535-43AE-9699-5165FAC1B6CF}.Debug|Any CPU.ActiveCfg = Debug|Any CPU
		{D12F126E-5535-43AE-9699-5165FAC1B6CF}.Debug|Any CPU.Build.0 = Debug|Any CPU
		{D12F126E-5535-43AE-9699-5165FAC1B6CF}.Release|Any CPU.ActiveCfg = Release|Any CPU
		{D12F126E-5535-43AE-9699-5165FAC1B6CF}.Release|Any CPU.Build.0 = Release|Any CPU
	EndGlobalSection
	GlobalSection(SolutionProperties) = preSolution
		HideSolutionNode = FALSE
	EndGlobalSection
	GlobalSection(ExtensibilityGlobals) = postSolution
		SolutionGuid = {EF907F13-8C80-431A-9120-8A228D83098D}
	EndGlobalSection
EndGlobal
